<?xml version="1.0" encoding="utf-8"?>
<Project ToolsVersion="17.0" xmlns="http://schemas.microsoft.com/developer/msbuild/2003">
  <ItemGroup>
    <ClCompile Include="C:\Users\Dasmit Sethi\Desktop\TNG033\lab2\code\expression.cpp">
      <Filter>Source Files</Filter>
    </ClCompile>
    <ClCompile Include="C:\Users\Dasmit Sethi\Desktop\TNG033\lab2\code\polynomial.cpp">
      <Filter>Source Files</Filter>
    </ClCompile>
    <ClCompile Include="C:\Users\Dasmit Sethi\Desktop\TNG033\lab2\code\logarithm.cpp">
      <Filter>Source Files</Filter>
    </ClCompile>
    <ClCompile Include="C:\Users\Dasmit Sethi\Desktop\TNG033\lab2\code\main.cpp">
      <Filter>Source Files</Filter>
    </ClCompile>
  </ItemGroup>
  <ItemGroup>
    <ClInclude Include="C:\Users\Dasmit Sethi\Desktop\TNG033\lab2\code\expression.h">
      <Filter>Header Files</Filter>
    </ClInclude>
    <ClInclude Include="C:\Users\Dasmit Sethi\Desktop\TNG033\lab2\code\polynomial.h">
      <Filter>Header Files</Filter>
    </ClInclude>
    <ClInclude Include="C:\Users\Dasmit Sethi\Desktop\TNG033\lab2\code\logarithm.h">
      <Filter>Header Files</Filter>
    </ClInclude>
  </ItemGroup>
  <ItemGroup>
    <CustomBuild Include="C:\Users\Dasmit Sethi\Desktop\TNG033\lab2\code\CMakeLists.txt" />
  </ItemGroup>
  <ItemGroup>
    <Filter Include="Header Files">
      <UniqueIdentifier>{E7D1823A-AEA2-3292-BCD5-16E05DB9CE8B}</UniqueIdentifier>
    </Filter>
    <Filter Include="Source Files">
      <UniqueIdentifier>{DA42EC13-04D8-3116-B9A5-0106FD5F0D83}</UniqueIdentifier>
    </Filter>
  </ItemGroup>
</Project>
